
Microsoft Visual Studio Solution File, Format Version 12.00
# Visual Studio Version 17
VisualStudioVersion = 17.7.34221.43
MinimumVisualStudioVersion = 10.0.40219.1
Project("{FAE04EC0-301F-11D3-BF4B-00C04F79EFBC}") = "DemoSimpleTaskLesson", "DemoSimpleTaskLesson\DemoSimpleTaskLesson.csproj", "{ED4A8C38-03ED-4FD0-A205-725C0BE3E963}"
EndProject
Global
	GlobalSection(SolutionConfigurationPlatforms) = preSolution
		Debug|Any CPU = Debug|Any CPU
		Release|Any CPU = Release|Any CPU
	EndGlobalSection
	GlobalSection(ProjectConfigurationPlatforms) = postSolution
		{ED4A8C38-03ED-4FD0-A205-725C0BE3E963}.Debug|Any CPU.ActiveCfg = Debug|Any CPU
		{ED4A8C38-03ED-4FD0-A205-725C0BE3E963}.Debug|Any CPU.Build.0 = Debug|Any CPU
		{ED4A8C38-03ED-4FD0-A205-725C0BE3E963}.Release|Any CPU.ActiveCfg = Release|Any CPU
		{ED4A8C38-03ED-4FD0-A205-725C0BE3E963}.Release|Any CPU.Build.0 = Release|Any CPU
	EndGlobalSection
	GlobalSection(SolutionProperties) = preSolution
		HideSolutionNode = FALSE
	EndGlobalSection
	GlobalSection(ExtensibilityGlobals) = postSolution
		SolutionGuid = {F9DC2103-437A-4112-BA11-F577443B538F}
	EndGlobalSection
EndGlobal
